{
  "requires": true,
  "lockfileVersion": 1,
  "dependencies": {
    "@swup/plugin": {
      "version": "1.0.1",
      "resolved": "https://registry.npmjs.org/@swup/plugin/-/plugin-1.0.1.tgz",
      "integrity": "sha512-QrTGn1DLx+50CNsk6oGzUFnyNyLkDK6iLb032qKImmAXS+0Dd1cwa8cSGvJ+I27J4qR8y6oJNurgHIEc6ZCTrg=="
    },
    "@swup/scripts-plugin": {
      "version": "1.1.0",
      "resolved": "https://registry.npmjs.org/@swup/scripts-plugin/-/scripts-plugin-1.1.0.tgz",
      "integrity": "sha512-/2V5cUrmzxxZH91bBk0WjsWMJhjKhb32wZ41Sw/HXAUf2gLvqebvW6Lw98HJsagNXxVqqjmzTDIfdbHGwVsG/w==",
      "requires": {
        "@swup/plugin": "^1.0.1"
      }
    }
  }
}
